Microsoft Visual Studio Solution File, Format Version 12.00
# Visual Studio Version 17
VisualStudioVersion = 17.0.31903.59
MinimumVisualStudioVersion = 10.0.40219.1
Project("{FAE04EC0-301F-11D3-BF4B-00C04F79EFBC}") = "Etiq.Core", "src\Etiq.Core\Etiq.Core.csproj", "{1A2B3C4D-0000-4000-8000-000000000001}"
EndProject
Project("{FAE04EC0-301F-11D3-BF4B-00C04F79EFBC}") = "etiq", "src\etiq\etiq.csproj", "{1A2B3C4D-0000-4000-8000-000000000002}"
EndProject
Project("{2150E333-8FDC-42A3-9474-1A3956D46DE8}") = "tests", "tests", "{4656C4B8-1AF2-4FFF-93F9-0EE09B35C7E8}"
EndProject
Project("{FAE04EC0-301F-11D3-BF4B-00C04F79EFBC}") = "Etiq.Tests", "tests\Etiq.Tests\Etiq.Tests.csproj", "{3C2A2BA4-7238-4E1D-81DF-FDABA0BD96CE}"
EndProject
Project("{FAE04EC0-301F-11D3-BF4B-00C04F79EFBC}") = "Etiq.Editor.Core", "src\Etiq.Editor.Core\Etiq.Editor.Core.csproj", "{1A2B3C4D-0000-4000-8000-000000000004}"
EndProject
Project("{FAE04EC0-301F-11D3-BF4B-00C04F79EFBC}") = "Etiq.Editor", "src\Etiq.Editor\Etiq.Editor.csproj", "{1A2B3C4D-0000-4000-8000-000000000005}"
EndProject
Global
	GlobalSection(SolutionConfigurationPlatforms) = preSolution
		Debug|Any CPU = Debug|Any CPU
		Release|Any CPU = Release|Any CPU
	EndGlobalSection
	GlobalSection(ProjectConfigurationPlatforms) = postSolution
		{1A2B3C4D-0000-4000-8000-000000000001}.Debug|Any CPU.ActiveCfg = Debug|Any CPU
		{1A2B3C4D-0000-4000-8000-000000000001}.Debug|Any CPU.Build.0 = Debug|Any CPU
		{1A2B3C4D-0000-4000-8000-000000000001}.Release|Any CPU.ActiveCfg = Release|Any CPU
		{1A2B3C4D-0000-4000-8000-000000000001}.Release|Any CPU.Build.0 = Release|Any CPU
		{1A2B3C4D-0000-4000-8000-000000000002}.Debug|Any CPU.ActiveCfg = Debug|Any CPU
		{1A2B3C4D-0000-4000-8000-000000000002}.Debug|Any CPU.Build.0 = Debug|Any CPU
		{1A2B3C4D-0000-4000-8000-000000000002}.Release|Any CPU.ActiveCfg = Release|Any CPU
		{1A2B3C4D-0000-4000-8000-000000000002}.Release|Any CPU.Build.0 = Release|Any CPU
		{3C2A2BA4-7238-4E1D-81DF-FDABA0BD96CE}.Debug|Any CPU.ActiveCfg = Debug|Any CPU
		{3C2A2BA4-7238-4E1D-81DF-FDABA0BD96CE}.Debug|Any CPU.Build.0 = Debug|Any CPU
		{3C2A2BA4-7238-4E1D-81DF-FDABA0BD96CE}.Release|Any CPU.ActiveCfg = Release|Any CPU
		{3C2A2BA4-7238-4E1D-81DF-FDABA0BD96CE}.Release|Any CPU.Build.0 = Release|Any CPU
		{1A2B3C4D-0000-4000-8000-000000000004}.Debug|Any CPU.ActiveCfg = Debug|Any CPU
		{1A2B3C4D-0000-4000-8000-000000000004}.Debug|Any CPU.Build.0 = Debug|Any CPU
		{1A2B3C4D-0000-4000-8000-000000000004}.Release|Any CPU.ActiveCfg = Release|Any CPU
		{1A2B3C4D-0000-4000-8000-000000000004}.Release|Any CPU.Build.0 = Release|Any CPU
		{1A2B3C4D-0000-4000-8000-000000000005}.Debug|Any CPU.ActiveCfg = Debug|Any CPU
		{1A2B3C4D-0000-4000-8000-000000000005}.Debug|Any CPU.Build.0 = Debug|Any CPU
		{1A2B3C4D-0000-4000-8000-000000000005}.Release|Any CPU.ActiveCfg = Release|Any CPU
		{1A2B3C4D-0000-4000-8000-000000000005}.Release|Any CPU.Build.0 = Release|Any CPU
	EndGlobalSection
	GlobalSection(NestedProjects) = preSolution
		{3C2A2BA4-7238-4E1D-81DF-FDABA0BD96CE} = {4656C4B8-1AF2-4FFF-93F9-0EE09B35C7E8}
	EndGlobalSection
EndGlobal
